
Microsoft Visual Studio Solution File, Format Version 12.00
# Visual Studio Version 17
VisualStudioVersion = 17.11.35222.181
MinimumVisualStudioVersion = 10.0.40219.1
Project("{FAE04EC0-301F-11D3-BF4B-00C04F79EFBC}") = "TipCalculator", "TipCalculator\TipCalculator.csproj", "{9E0999EE-3D0A-4594-AC75-320B594A7209}"
EndProject
Global
	GlobalSection(SolutionConfigurationPlatforms) = preSolution
		Debug|Any CPU = Debug|Any CPU
		Release|Any CPU = Release|Any CPU
	EndGlobalSection
	GlobalSection(ProjectConfigurationPlatforms) = postSolution
		{9E0999EE-3D0A-4594-AC75-320B594A7209}.Debug|Any CPU.ActiveCfg = Debug|Any CPU
		{9E0999EE-3D0A-4594-AC75-320B594A7209}.Debug|Any CPU.Build.0 = Debug|Any CPU
		{9E0999EE-3D0A-4594-AC75-320B594A7209}.Debug|Any CPU.Deploy.0 = Debug|Any CPU
		{9E0999EE-3D0A-4594-AC75-320B594A7209}.Release|Any CPU.ActiveCfg = Release|Any CPU
		{9E0999EE-3D0A-4594-AC75-320B594A7209}.Release|Any CPU.Build.0 = Release|Any CPU
		{9E0999EE-3D0A-4594-AC75-320B594A7209}.Release|Any CPU.Deploy.0 = Release|Any CPU
	EndGlobalSection
	GlobalSection(SolutionProperties) = preSolution
		HideSolutionNode = FALSE
	EndGlobalSection
	GlobalSection(ExtensibilityGlobals) = postSolution
		SolutionGuid = {2D25B349-A552-4774-8D22-5A078DF1C7EA}
	EndGlobalSection
EndGlobal
